
Microsoft Visual Studio Solution File, Format Version 12.00
# Visual Studio Version 16
VisualStudioVersion = 16.0.810.17
MinimumVisualStudioVersion = 10.0.40219.1
Project("{FAE04EC0-301F-11D3-BF4B-00C04F79EFBC}") = "PrimeraAplicacion", "PrimeraAplicacion\PrimeraAplicacion.csproj", "{1AF7E0A9-5FB8-458E-89AC-37E70C77EF24}"
EndProject
Global
	GlobalSection(SolutionConfigurationPlatforms) = preSolution
		Debug|Any CPU = Debug|Any CPU
		Release|Any CPU = Release|Any CPU
	EndGlobalSection
	GlobalSection(ProjectConfigurationPlatforms) = postSolution
		{1AF7E0A9-5FB8-458E-89AC-37E70C77EF24}.Debug|Any CPU.ActiveCfg = Debug|Any CPU
		{1AF7E0A9-5FB8-458E-89AC-37E70C77EF24}.Debug|Any CPU.Build.0 = Debug|Any CPU
		{1AF7E0A9-5FB8-458E-89AC-37E70C77EF24}.Release|Any CPU.ActiveCfg = Release|Any CPU
		{1AF7E0A9-5FB8-458E-89AC-37E70C77EF24}.Release|Any CPU.Build.0 = Release|Any CPU
	EndGlobalSection
	GlobalSection(SolutionProperties) = preSolution
		HideSolutionNode = FALSE
	EndGlobalSection
	GlobalSection(ExtensibilityGlobals) = postSolution
		SolutionGuid = {612B0479-D9B7-4A59-9B1B-6FBE6CF501B1}
	EndGlobalSection
EndGlobal
